
Microsoft Visual Studio Solution File, Format Version 12.00
# Visual Studio Version 17
VisualStudioVersion = 17.11.35303.130
MinimumVisualStudioVersion = 10.0.40219.1
Project("{2150E333-8FDC-42A3-9474-1A3956D46DE8}") = "Task0", "Task0", "{02ADE4DB-2981-4E88-94AD-FA8A0D7DA7C4}"
EndProject
Project("{9A19103F-16F7-4668-BE54-9A1E7A4F7556}") = "Tyuiu.PuzinaDA.Sprint5.Task0.V28", "Tyuiu.PuzinaDA.Sprint5.Task0.V28\Tyuiu.PuzinaDA.Sprint5.Task0.V28.csproj", "{D2D59CA9-9940-4376-8055-17ECAD95412A}"
EndProject
Project("{9A19103F-16F7-4668-BE54-9A1E7A4F7556}") = "Tyuiu.PuzinaDA.Sprint5.Task0.V28.Test", "Tyuiu.PuzinaDA.Sprint5.Task0.V28.Test\Tyuiu.PuzinaDA.Sprint5.Task0.V28.Test.csproj", "{85B30B17-ECBC-44A2-8C48-AF79A48CD1F2}"
EndProject
Project("{9A19103F-16F7-4668-BE54-9A1E7A4F7556}") = "Tyuiu.PuzinaDA.Sprint5.Task0.V28.Lib", "Tyuiu.PuzinaDA.Sprint5.Task0.V28.Lib\Tyuiu.PuzinaDA.Sprint5.Task0.V28.Lib.csproj", "{9FCDCB07-E181-4052-A279-6A554EE3F727}"
EndProject
Project("{2150E333-8FDC-42A3-9474-1A3956D46DE8}") = "Task1", "Task1", "{BC285CD6-9C3C-4C25-9E88-EBBE4DF94FE9}"
EndProject
Project("{9A19103F-16F7-4668-BE54-9A1E7A4F7556}") = "Tyuiu.PuzinaDA.Sprint5.Task1.V4.Lib", "Tyuiu.PuzinaDA.Sprint5.Task1.V4.Lib\Tyuiu.PuzinaDA.Sprint5.Task1.V4.Lib.csproj", "{BD064E37-58D5-49E6-BFEA-50137F337EAD}"
EndProject
Project("{9A19103F-16F7-4668-BE54-9A1E7A4F7556}") = "Tyuiu.PuzinaDA.Sprint5.Task1.V4.Test", "Tyuiu.PuzinaDA.Sprint5.Task1.V4.Test\Tyuiu.PuzinaDA.Sprint5.Task1.V4.Test.csproj", "{CA37CC5F-31AF-44EB-AC04-785762294DAF}"
EndProject
Project("{9A19103F-16F7-4668-BE54-9A1E7A4F7556}") = "Tyuiu.PuzinaDA.Sprint5.Task1.V4", "Tyuiu.PuzinaDA.Sprint5.Task1.V4\Tyuiu.PuzinaDA.Sprint5.Task1.V4.csproj", "{AACDE269-B51A-49D7-BA7A-90D40501AD61}"
EndProject
Project("{2150E333-8FDC-42A3-9474-1A3956D46DE8}") = "Task2", "Task2", "{26B80708-7BB1-44F5-994A-5BF509D07123}"
EndProject
Project("{FAE04EC0-301F-11D3-BF4B-00C04F79EFBC}") = "Tyuiu.PuzinaDA.Sprint5.Task2.V28", "Tyuiu.PuzinaDA.Sprint5.Task2.V28\Tyuiu.PuzinaDA.Sprint5.Task2.V28.csproj", "{AB5B1797-813B-4A76-BF12-E29413A9701A}"
EndProject
Project("{FAE04EC0-301F-11D3-BF4B-00C04F79EFBC}") = "Tyuiu.PuzinaDA.Sprint5.Task2.V28.Test", "Tyuiu.PuzinaDA.Sprint5.Task2.V28.Test\Tyuiu.PuzinaDA.Sprint5.Task2.V28.Test.csproj", "{5D706E0A-A98E-4021-B6A0-BF2D50434A31}"
EndProject
Project("{FAE04EC0-301F-11D3-BF4B-00C04F79EFBC}") = "Tyuiu.PuzinaDA.Sprint5.Task2.V28.Lib", "Tyuiu.PuzinaDA.Sprint5.Task2.V28.Lib\Tyuiu.PuzinaDA.Sprint5.Task2.V28.Lib.csproj", "{D75598E6-1EF5-47B7-A430-F9AB0ADB0DAF}"
EndProject
Project("{2150E333-8FDC-42A3-9474-1A3956D46DE8}") = "Task3", "Task3", "{08CAAFBF-3FC7-46D1-A34E-67522B80EC25}"
EndProject
Project("{FAE04EC0-301F-11D3-BF4B-00C04F79EFBC}") = "Tyuiu.PuzinaDA.Sprint5.Task3.V3", "Tyuiu.PuzinaDA.Sprint5.Task3.V3\Tyuiu.PuzinaDA.Sprint5.Task3.V3.csproj", "{E3C7E5AB-41CB-4920-9C04-B6945243657B}"
EndProject
Project("{FAE04EC0-301F-11D3-BF4B-00C04F79EFBC}") = "Tyuiu.PuzinaDA.Sprint5.Task3.V3.Test", "Tyuiu.PuzinaDA.Sprint5.Task3.V3.Test\Tyuiu.PuzinaDA.Sprint5.Task3.V3.Test.csproj", "{72EC09BE-7812-4047-98B3-7A7B0D15F635}"
EndProject
Project("{FAE04EC0-301F-11D3-BF4B-00C04F79EFBC}") = "Tyuiu.PuzinaDA.Sprint5.Task3.V3.Lib", "Tyuiu.PuzinaDA.Sprint5.Task3.V3.Lib\Tyuiu.PuzinaDA.Sprint5.Task3.V3.Lib.csproj", "{454EA8ED-224D-4151-BE72-01E2AE5D7BC4}"
EndProject
Global
	GlobalSection(SolutionConfigurationPlatforms) = preSolution
		Debug|Any CPU = Debug|Any CPU
		Release|Any CPU = Release|Any CPU
	EndGlobalSection
	GlobalSection(ProjectConfigurationPlatforms) = postSolution
		{D2D59CA9-9940-4376-8055-17ECAD95412A}.Debug|Any CPU.ActiveCfg = Debug|Any CPU
		{D2D59CA9-9940-4376-8055-17ECAD95412A}.Debug|Any CPU.Build.0 = Debug|Any CPU
		{D2D59CA9-9940-4376-8055-17ECAD95412A}.Release|Any CPU.ActiveCfg = Release|Any CPU
		{D2D59CA9-9940-4376-8055-17ECAD95412A}.Release|Any CPU.Build.0 = Release|Any CPU
		{85B30B17-ECBC-44A2-8C48-AF79A48CD1F2}.Debug|Any CPU.ActiveCfg = Debug|Any CPU
		{85B30B17-ECBC-44A2-8C48-AF79A48CD1F2}.Debug|Any CPU.Build.0 = Debug|Any CPU
		{85B30B17-ECBC-44A2-8C48-AF79A48CD1F2}.Release|Any CPU.ActiveCfg = Release|Any CPU
		{85B30B17-ECBC-44A2-8C48-AF79A48CD1F2}.Release|Any CPU.Build.0 = Release|Any CPU
		{9FCDCB07-E181-4052-A279-6A554EE3F727}.Debug|Any CPU.ActiveCfg = Debug|Any CPU
		{9FCDCB07-E181-4052-A279-6A554EE3F727}.Debug|Any CPU.Build.0 = Debug|Any CPU
		{9FCDCB07-E181-4052-A279-6A554EE3F727}.Release|Any CPU.ActiveCfg = Release|Any CPU
		{9FCDCB07-E181-4052-A279-6A554EE3F727}.Release|Any CPU.Build.0 = Release|Any CPU
		{BD064E37-58D5-49E6-BFEA-50137F337EAD}.Debug|Any CPU.ActiveCfg = Debug|Any CPU
		{BD064E37-58D5-49E6-BFEA-50137F337EAD}.Debug|Any CPU.Build.0 = Debug|Any CPU
		{BD064E37-58D5-49E6-BFEA-50137F337EAD}.Release|Any CPU.ActiveCfg = Release|Any CPU
		{BD064E37-58D5-49E6-BFEA-50137F337EAD}.Release|Any CPU.Build.0 = Release|Any CPU
		{CA37CC5F-31AF-44EB-AC04-785762294DAF}.Debug|Any CPU.ActiveCfg = Debug|Any CPU
		{CA37CC5F-31AF-44EB-AC04-785762294DAF}.Debug|Any CPU.Build.0 = Debug|Any CPU
		{CA37CC5F-31AF-44EB-AC04-785762294DAF}.Release|Any CPU.ActiveCfg = Release|Any CPU
		{CA37CC5F-31AF-44EB-AC04-785762294DAF}.Release|Any CPU.Build.0 = Release|Any CPU
		{AACDE269-B51A-49D7-BA7A-90D40501AD61}.Debug|Any CPU.ActiveCfg = Debug|Any CPU
		{AACDE269-B51A-49D7-BA7A-90D40501AD61}.Debug|Any CPU.Build.0 = Debug|Any CPU
		{AACDE269-B51A-49D7-BA7A-90D40501AD61}.Release|Any CPU.ActiveCfg = Release|Any CPU
		{AACDE269-B51A-49D7-BA7A-90D40501AD61}.Release|Any CPU.Build.0 = Release|Any CPU
		{AB5B1797-813B-4A76-BF12-E29413A9701A}.Debug|Any CPU.ActiveCfg = Debug|Any CPU
		{AB5B1797-813B-4A76-BF12-E29413A9701A}.Debug|Any CPU.Build.0 = Debug|Any CPU
		{AB5B1797-813B-4A76-BF12-E29413A9701A}.Release|Any CPU.ActiveCfg = Release|Any CPU
		{AB5B1797-813B-4A76-BF12-E29413A9701A}.Release|Any CPU.Build.0 = Release|Any CPU
		{5D706E0A-A98E-4021-B6A0-BF2D50434A31}.Debug|Any CPU.ActiveCfg = Debug|Any CPU
		{5D706E0A-A98E-4021-B6A0-BF2D50434A31}.Debug|Any CPU.Build.0 = Debug|Any CPU
		{5D706E0A-A98E-4021-B6A0-BF2D50434A31}.Release|Any CPU.ActiveCfg = Release|Any CPU
		{5D706E0A-A98E-4021-B6A0-BF2D50434A31}.Release|Any CPU.Build.0 = Release|Any CPU
		{D75598E6-1EF5-47B7-A430-F9AB0ADB0DAF}.Debug|Any CPU.ActiveCfg = Debug|Any CPU
		{D75598E6-1EF5-47B7-A430-F9AB0ADB0DAF}.Debug|Any CPU.Build.0 = Debug|Any CPU
		{D75598E6-1EF5-47B7-A430-F9AB0ADB0DAF}.Release|Any CPU.ActiveCfg = Release|Any CPU
		{D75598E6-1EF5-47B7-A430-F9AB0ADB0DAF}.Release|Any CPU.Build.0 = Release|Any CPU
		{E3C7E5AB-41CB-4920-9C04-B6945243657B}.Debug|Any CPU.ActiveCfg = Debug|Any CPU
		{E3C7E5AB-41CB-4920-9C04-B6945243657B}.Debug|Any CPU.Build.0 = Debug|Any CPU
		{E3C7E5AB-41CB-4920-9C04-B6945243657B}.Release|Any CPU.ActiveCfg = Release|Any CPU
		{E3C7E5AB-41CB-4920-9C04-B6945243657B}.Release|Any CPU.Build.0 = Release|Any CPU
		{72EC09BE-7812-4047-98B3-7A7B0D15F635}.Debug|Any CPU.ActiveCfg = Debug|Any CPU
		{72EC09BE-7812-4047-98B3-7A7B0D15F635}.Debug|Any CPU.Build.0 = Debug|Any CPU
		{72EC09BE-7812-4047-98B3-7A7B0D15F635}.Release|Any CPU.ActiveCfg = Release|Any CPU
		{72EC09BE-7812-4047-98B3-7A7B0D15F635}.Release|Any CPU.Build.0 = Release|Any CPU
		{454EA8ED-224D-4151-BE72-01E2AE5D7BC4}.Debug|Any CPU.ActiveCfg = Debug|Any CPU
		{454EA8ED-224D-4151-BE72-01E2AE5D7BC4}.Debug|Any CPU.Build.0 = Debug|Any CPU
		{454EA8ED-224D-4151-BE72-01E2AE5D7BC4}.Release|Any CPU.ActiveCfg = Release|Any CPU
		{454EA8ED-224D-4151-BE72-01E2AE5D7BC4}.Release|Any CPU.Build.0 = Release|Any CPU
	EndGlobalSection
	GlobalSection(SolutionProperties) = preSolution
		HideSolutionNode = FALSE
	EndGlobalSection
	GlobalSection(NestedProjects) = preSolution
		{D2D59CA9-9940-4376-8055-17ECAD95412A} = {02ADE4DB-2981-4E88-94AD-FA8A0D7DA7C4}
		{85B30B17-ECBC-44A2-8C48-AF79A48CD1F2} = {02ADE4DB-2981-4E88-94AD-FA8A0D7DA7C4}
		{9FCDCB07-E181-4052-A279-6A554EE3F727} = {02ADE4DB-2981-4E88-94AD-FA8A0D7DA7C4}
		{BD064E37-58D5-49E6-BFEA-50137F337EAD} = {BC285CD6-9C3C-4C25-9E88-EBBE4DF94FE9}
		{CA37CC5F-31AF-44EB-AC04-785762294DAF} = {BC285CD6-9C3C-4C25-9E88-EBBE4DF94FE9}
		{AACDE269-B51A-49D7-BA7A-90D40501AD61} = {BC285CD6-9C3C-4C25-9E88-EBBE4DF94FE9}
		{AB5B1797-813B-4A76-BF12-E29413A9701A} = {26B80708-7BB1-44F5-994A-5BF509D07123}
		{5D706E0A-A98E-4021-B6A0-BF2D50434A31} = {26B80708-7BB1-44F5-994A-5BF509D07123}
		{D75598E6-1EF5-47B7-A430-F9AB0ADB0DAF} = {26B80708-7BB1-44F5-994A-5BF509D07123}
		{E3C7E5AB-41CB-4920-9C04-B6945243657B} = {08CAAFBF-3FC7-46D1-A34E-67522B80EC25}
		{72EC09BE-7812-4047-98B3-7A7B0D15F635} = {08CAAFBF-3FC7-46D1-A34E-67522B80EC25}
		{454EA8ED-224D-4151-BE72-01E2AE5D7BC4} = {08CAAFBF-3FC7-46D1-A34E-67522B80EC25}
	EndGlobalSection
	GlobalSection(ExtensibilityGlobals) = postSolution
		SolutionGuid = {D8123394-E6AF-482A-869F-96D5E356749B}
	EndGlobalSection
EndGlobal
